Microsoft Visual Studio Solution File, Format Version 11.00
# Visual Studio 2008

Project("{2E24F7F2-6395-FE8A-3302-8D19513F8F25}") = "RPGGame", "Assembly-CSharp-firstpass-vs.csproj", "{56068899-5A6A-4311-F837-53A5B717543A}"
EndProject
Project("{2E24F7F2-6395-FE8A-3302-8D19513F8F25}") = "RPGGame", "Assembly-CSharp-vs.csproj", "{2C7725AA-2381-7B58-F4A3-CBB6FBFBF131}"
EndProject
Project("{2E24F7F2-6395-FE8A-3302-8D19513F8F25}") = "RPGGame", "Assembly-CSharp-Editor-vs.csproj", "{4B699590-73F7-3215-85E5-54E9AD432E8A}"
EndProject
Global
	GlobalSection(SolutionConfigurationPlatforms) = preSolution
		Debug|Any CPU = Debug|Any CPU
		Release|Any CPU = Release|Any CPU
	EndGlobalSection
	GlobalSection(ProjectConfigurationPlatforms) = postSolution
		{56068899-5A6A-4311-F837-53A5B717543A}.Debug|Any CPU.ActiveCfg = Debug|Any CPU
		{56068899-5A6A-4311-F837-53A5B717543A}.Debug|Any CPU.Build.0 = Debug|Any CPU
		{56068899-5A6A-4311-F837-53A5B717543A}.Release|Any CPU.ActiveCfg = Release|Any CPU
		{56068899-5A6A-4311-F837-53A5B717543A}.Release|Any CPU.Build.0 = Release|Any CPU
		{2C7725AA-2381-7B58-F4A3-CBB6FBFBF131}.Debug|Any CPU.ActiveCfg = Debug|Any CPU
		{2C7725AA-2381-7B58-F4A3-CBB6FBFBF131}.Debug|Any CPU.Build.0 = Debug|Any CPU
		{2C7725AA-2381-7B58-F4A3-CBB6FBFBF131}.Release|Any CPU.ActiveCfg = Release|Any CPU
		{2C7725AA-2381-7B58-F4A3-CBB6FBFBF131}.Release|Any CPU.Build.0 = Release|Any CPU
		{4B699590-73F7-3215-85E5-54E9AD432E8A}.Debug|Any CPU.ActiveCfg = Debug|Any CPU
		{4B699590-73F7-3215-85E5-54E9AD432E8A}.Debug|Any CPU.Build.0 = Debug|Any CPU
		{4B699590-73F7-3215-85E5-54E9AD432E8A}.Release|Any CPU.ActiveCfg = Release|Any CPU
		{4B699590-73F7-3215-85E5-54E9AD432E8A}.Release|Any CPU.Build.0 = Release|Any CPU
	EndGlobalSection
	GlobalSection(SolutionProperties) = preSolution
		HideSolutionNode = FALSE
	EndGlobalSection
																																																																					GlobalSection(MonoDevelopProperties) = preSolution
		StartupItem = Assembly-CSharp.csproj
		Policies = $0
		$0.TextStylePolicy = $1
		$1.inheritsSet = null
		$1.scope = text/x-csharp
		$0.CSharpFormattingPolicy = $2
		$2.inheritsSet = Mono
		$2.inheritsScope = text/x-csharp
		$2.scope = text/x-csharp
		$0.TextStylePolicy = $3
		$3.FileWidth = 120
		$3.TabWidth = 4
		$3.EolMarker = Unix
		$3.inheritsSet = Mono
		$3.inheritsScope = text/plain
		$3.scope = text/plain
	EndGlobalSection

EndGlobal
